
Microsoft Visual Studio Solution File, Format Version 12.00
# Visual Studio Version 17
VisualStudioVersion = 17.14.36518.9 d17.14
MinimumVisualStudioVersion = 10.0.40219.1
Project("{FAE04EC0-301F-11D3-BF4B-00C04F79EFBC}") = "MagicVilla_VillaAPI", "MagicVilla_VillaAPI\MagicVilla_VillaAPI.csproj", "{4049D2E9-684B-4561-8701-1513875C6CAA}"
EndProject
Global
	GlobalSection(SolutionConfigurationPlatforms) = preSolution
		Debug|Any CPU = Debug|Any CPU
		Release|Any CPU = Release|Any CPU
	EndGlobalSection
	GlobalSection(ProjectConfigurationPlatforms) = postSolution
		{4049D2E9-684B-4561-8701-1513875C6CAA}.Debug|Any CPU.ActiveCfg = Debug|Any CPU
		{4049D2E9-684B-4561-8701-1513875C6CAA}.Debug|Any CPU.Build.0 = Debug|Any CPU
		{4049D2E9-684B-4561-8701-1513875C6CAA}.Release|Any CPU.ActiveCfg = Release|Any CPU
		{4049D2E9-684B-4561-8701-1513875C6CAA}.Release|Any CPU.Build.0 = Release|Any CPU
	EndGlobalSection
	GlobalSection(SolutionProperties) = preSolution
		HideSolutionNode = FALSE
	EndGlobalSection
	GlobalSection(ExtensibilityGlobals) = postSolution
		SolutionGuid = {0472E7B7-E9AC-41CD-876C-0C3AE7E965E3}
	EndGlobalSection
EndGlobal
